
Microsoft Visual Studio Solution File, Format Version 12.00
# Visual Studio Version 17
VisualStudioVersion = 17.10.35013.160
MinimumVisualStudioVersion = 10.0.40219.1
Project("{FAE04EC0-301F-11D3-BF4B-00C04F79EFBC}") = "AngularApp1.Server", "AngularApp1.Server\AngularApp1.Server.csproj", "{AFE5C91F-240C-4BC3-AA28-2E09C1F053DF}"
EndProject
Project("{54A90642-561A-4BB1-A94E-469ADEE60C69}") = "angularapp1.client", "angularapp1.client\angularapp1.client.esproj", "{3DACD341-A1C2-463E-A5F8-FF053677CD41}"
EndProject
Global
	GlobalSection(SolutionConfigurationPlatforms) = preSolution
		Debug|Any CPU = Debug|Any CPU
		Release|Any CPU = Release|Any CPU
	EndGlobalSection
	GlobalSection(ProjectConfigurationPlatforms) = postSolution
		{AFE5C91F-240C-4BC3-AA28-2E09C1F053DF}.Debug|Any CPU.ActiveCfg = Debug|Any CPU
		{AFE5C91F-240C-4BC3-AA28-2E09C1F053DF}.Debug|Any CPU.Build.0 = Debug|Any CPU
		{AFE5C91F-240C-4BC3-AA28-2E09C1F053DF}.Release|Any CPU.ActiveCfg = Release|Any CPU
		{AFE5C91F-240C-4BC3-AA28-2E09C1F053DF}.Release|Any CPU.Build.0 = Release|Any CPU
		{3DACD341-A1C2-463E-A5F8-FF053677CD41}.Debug|Any CPU.ActiveCfg = Debug|Any CPU
		{3DACD341-A1C2-463E-A5F8-FF053677CD41}.Debug|Any CPU.Build.0 = Debug|Any CPU
		{3DACD341-A1C2-463E-A5F8-FF053677CD41}.Debug|Any CPU.Deploy.0 = Debug|Any CPU
		{3DACD341-A1C2-463E-A5F8-FF053677CD41}.Release|Any CPU.ActiveCfg = Release|Any CPU
		{3DACD341-A1C2-463E-A5F8-FF053677CD41}.Release|Any CPU.Build.0 = Release|Any CPU
		{3DACD341-A1C2-463E-A5F8-FF053677CD41}.Release|Any CPU.Deploy.0 = Release|Any CPU
	EndGlobalSection
	GlobalSection(SolutionProperties) = preSolution
		HideSolutionNode = FALSE
	EndGlobalSection
	GlobalSection(ExtensibilityGlobals) = postSolution
		SolutionGuid = {0F327360-6B47-462D-B91C-26ADDD5105E3}
	EndGlobalSection
EndGlobal
